// !$*UTF8*$!
{
	archiveVersion = 1;
	classes = {
	};
	objectVersion = 50;
	objects = {

/* Begin PBXBuildFile section */
		71139BF32675E5AB00BD5FFB /* AppDelegate.swift in Sources */ = {isa = PBXBuildFile; fileRef = 71139BF22675E5AB00BD5FFB /* AppDelegate.swift */; };
		71139BF52675E5AB00BD5FFB /* SceneDelegate.swift in Sources */ = {isa = PBXBuildFile; fileRef = 71139BF42675E5AB00BD5FFB /* SceneDelegate.swift */; };
		71139BFA2675E5AB00BD5FFB /* Main.storyboard in Resources */ = {isa = PBXBuildFile; fileRef = 71139BF82675E5AB00BD5FFB /* Main.storyboard */; };
		71139BFC2675E5AE00BD5FFB /* Assets.xcassets in Resources */ = {isa = PBXBuildFile; fileRef = 71139BFB2675E5AE00BD5FFB /* Assets.xcassets */; };
		71139BFF2675E5AE00BD5FFB /* LaunchScreen.storyboard in Resources */ = {isa = PBXBuildFile; fileRef = 71139BFD2675E5AE00BD5FFB /* LaunchScreen.storyboard */; };
		71139C0A2675E75200BD5FFB /* GoodNewsTableVC.swift in Sources */ = {isa = PBXBuildFile; fileRef = 71139C092675E75200BD5FFB /* GoodNewsTableVC.swift */; };
		71139C1126760CC600BD5FFB /* WebService.swift in Sources */ = {isa = PBXBuildFile; fileRef = 71139C1026760CC600BD5FFB /* WebService.swift */; };
		71139C15267615D700BD5FFB /* Article.swift in Sources */ = {isa = PBXBuildFile; fileRef = 71139C14267615D700BD5FFB /* Article.swift */; };
		71139C1A26772FD600BD5FFB /* ArticleViewModel.swift in Sources */ = {isa = PBXBuildFile; fileRef = 71139C1926772FD600BD5FFB /* ArticleViewModel.swift */; };
		71139C1E267739EB00BD5FFB /* ArticleCell.swift in Sources */ = {isa = PBXBuildFile; fileRef = 71139C1D267739EB00BD5FFB /* ArticleCell.swift */; };
/* End PBXBuildFile section */

/* Begin PBXFileReference section */
		71139BEF2675E5AB00BD5FFB /* GoodNews.app */ = {isa = PBXFileReference; explicitFileType = wrapper.application; includeInIndex = 0; path = GoodNews.app; sourceTree = BUILT_PRODUCTS_DIR; };
		71139BF22675E5AB00BD5FFB /* AppDelegate.swift */ = {isa = PBXFileReference; lastKnownFileType = sourcecode.swift; path = AppDelegate.swift; sourceTree = "<group>"; };
		71139BF42675E5AB00BD5FFB /* SceneDelegate.swift */ = {isa = PBXFileReference; lastKnownFileType = sourcecode.swift; path = SceneDelegate.swift; sourceTree = "<group>"; };
		71139BF92675E5AB00BD5FFB /* Base */ = {isa = PBXFileReference; lastKnownFileType = file.storyboard; name = Base; path = Base.lproj/Main.storyboard; sourceTree = "<group>"; };
		71139BFB2675E5AE00BD5FFB /* Assets.xcassets */ = {isa = PBXFileReference; lastKnownFileType = folder.assetcatalog; path = Assets.xcassets; sourceTree = "<group>"; };
		71139BFE2675E5AE00BD5FFB /* Base */ = {isa = PBXFileReference; lastKnownFileType = file.storyboard; name = Base; path = Base.lproj/LaunchScreen.storyboard; sourceTree = "<group>"; };
		71139C002675E5AE00BD5FFB /* Info.plist */ = {isa = PBXFileReference; lastKnownFileType = text.plist.xml; path = Info.plist; sourceTree = "<group>"; };
		71139C092675E75200BD5FFB /* GoodNewsTableVC.swift */ = {isa = PBXFileReference; lastKnownFileType = sourcecode.swift; path = GoodNewsTableVC.swift; sourceTree = "<group>"; };
		71139C1026760CC600BD5FFB /* WebService.swift */ = {isa = PBXFileReference; lastKnownFileType = sourcecode.swift; path = WebService.swift; sourceTree = "<group>"; };
		71139C14267615D700BD5FFB /* Article.swift */ = {isa = PBXFileReference; lastKnownFileType = sourcecode.swift; path = Article.swift; sourceTree = "<group>"; };
		71139C1926772FD600BD5FFB /* ArticleViewModel.swift */ = {isa = PBXFileReference; lastKnownFileType = sourcecode.swift; path = ArticleViewModel.swift; sourceTree = "<group>"; };
		71139C1D267739EB00BD5FFB /* ArticleCell.swift */ = {isa = PBXFileReference; lastKnownFileType = sourcecode.swift; path = ArticleCell.swift; sourceTree = "<group>"; };
/* End PBXFileReference section */

/* Begin PBXFrameworksBuildPhase section */
		71139BEC2675E5AB00BD5FFB /* Frameworks */ = {
			isa = PBXFrameworksBuildPhase;
			buildActionMask = 2147483647;
			files = (
			);
			runOnlyForDeploymentPostprocessing = 0;
		};
/* End PBXFrameworksBuildPhase section */

/* Begin PBXGroup section */
		71139BE62675E5AB00BD5FFB = {
			isa = PBXGroup;
			children = (
				71139BF12675E5AB00BD5FFB /* GoodNews */,
				71139BF02675E5AB00BD5FFB /* Products */,
			);
			sourceTree = "<group>";
		};
		71139BF02675E5AB00BD5FFB /* Products */ = {
			isa = PBXGroup;
			children = (
				71139BEF2675E5AB00BD5FFB /* GoodNews.app */,
			);
			name = Products;
			sourceTree = "<group>";
		};
		71139BF12675E5AB00BD5FFB /* GoodNews */ = {
			isa = PBXGroup;
			children = (
				71139C1C267739D200BD5FFB /* Cell */,
				71139C1826772FB400BD5FFB /* ViewModel */,
				71139C132676105600BD5FFB /* Model */,
				71139C0F26760CA900BD5FFB /* Services */,
				71139C082675E70600BD5FFB /* Controller */,
				71139BF22675E5AB00BD5FFB /* AppDelegate.swift */,
				71139BF42675E5AB00BD5FFB /* SceneDelegate.swift */,
				71139BF82675E5AB00BD5FFB /* Main.storyboard */,
				71139BFB2675E5AE00BD5FFB /* Assets.xcassets */,
				71139BFD2675E5AE00BD5FFB /* LaunchScreen.storyboard */,
				71139C002675E5AE00BD5FFB /* Info.plist */,
			);
			path = GoodNews;
			sourceTree = "<group>";
		};
		71139C082675E70600BD5FFB /* Controller */ = {
			isa = PBXGroup;
			children = (
				71139C092675E75200BD5FFB /* GoodNewsTableVC.swift */,
			);
			path = Controller;
			sourceTree = "<group>";
		};
		71139C0F26760CA900BD5FFB /* Services */ = {
			isa = PBXGroup;
			children = (
				71139C1026760CC600BD5FFB /* WebService.swift */,
			);
			path = Services;
			sourceTree = "<group>";
		};
		71139C132676105600BD5FFB /* Model */ = {
			isa = PBXGroup;
			children = (
				71139C14267615D700BD5FFB /* Article.swift */,
			);
			path = Model;
			sourceTree = "<group>";
		};
		71139C1826772FB400BD5FFB /* ViewModel */ = {
			isa = PBXGroup;
			children = (
				71139C1926772FD600BD5FFB /* ArticleViewModel.swift */,
			);
			path = ViewModel;
			sourceTree = "<group>";
		};
		71139C1C267739D200BD5FFB /* Cell */ = {
			isa = PBXGroup;
			children = (
				71139C1D267739EB00BD5FFB /* ArticleCell.swift */,
			);
			path = Cell;
			sourceTree = "<group>";
		};
/* End PBXGroup section */

/* Begin PBXNativeTarget section */
		71139BEE2675E5AB00BD5FFB /* GoodNews */ = {
			isa = PBXNativeTarget;
			buildConfigurationList = 71139C032675E5AE00BD5FFB /* Build configuration list for PBXNativeTarget "GoodNews" */;
			buildPhases = (
				71139BEB2675E5AB00BD5FFB /* Sources */,
				71139BEC2675E5AB00BD5FFB /* Frameworks */,
				71139BED2675E5AB00BD5FFB /* Resources */,
			);
			buildRules = (
			);
			dependencies = (
			);
			name = GoodNews;
			productName = GoodNews;
			productReference = 71139BEF2675E5AB00BD5FFB /* GoodNews.app */;
			productType = "com.apple.product-type.application";
		};
/* End PBXNativeTarget section */

/* Begin PBXProject section */
		71139BE72675E5AB00BD5FFB /* Project object */ = {
			isa = PBXProject;
			attributes = {
				LastSwiftUpdateCheck = 1230;
				LastUpgradeCheck = 1230;
				TargetAttributes = {
					71139BEE2675E5AB00BD5FFB = {
						CreatedOnToolsVersion = 12.3;
					};
				};
			};
			buildConfigurationList = 71139BEA2675E5AB00BD5FFB /* Build configuration list for PBXProject "GoodNews" */;
			compatibilityVersion = "Xcode 9.3";
			developmentRegion = en;
			hasScannedForEncodings = 0;
			knownRegions = (
				en,
				Base,
			);
			mainGroup = 71139BE62675E5AB00BD5FFB;
			productRefGroup = 71139BF02675E5AB00BD5FFB /* Products */;
			projectDirPath = "";
			projectRoot = "";
			targets = (
				71139BEE2675E5AB00BD5FFB /* GoodNews */,
			);
		};
/* End PBXProject section */

/* Begin PBXResourcesBuildPhase section */
		71139BED2675E5AB00BD5FFB /* Resources */ = {
			isa = PBXResourcesBuildPhase;
			buildActionMask = 2147483647;
			files = (
				71139BFF2675E5AE00BD5FFB /* LaunchScreen.storyboard in Resources */,
				71139BFC2675E5AE00BD5FFB /* Assets.xcassets in Resources */,
				71139BFA2675E5AB00BD5FFB /* Main.storyboard in Resources */,
			);
			runOnlyForDeploymentPostprocessing = 0;
		};
/* End PBXResourcesBuildPhase section */

/* Begin PBXSourcesBuildPhase section */
		71139BEB2675E5AB00BD5FFB /* Sources */ = {
			isa = PBXSourcesBuildPhase;
			buildActionMask = 2147483647;
			files = (
				71139C0A2675E75200BD5FFB /* GoodNewsTableVC.swift in Sources */,
				71139BF32675E5AB00BD5FFB /* AppDelegate.swift in Sources */,
				71139C1126760CC600BD5FFB /* WebService.swift in Sources */,
				71139C1A26772FD600BD5FFB /* ArticleViewModel.swift in Sources */,
				71139C1E267739EB00BD5FFB /* ArticleCell.swift in Sources */,
				71139BF52675E5AB00BD5FFB /* SceneDelegate.swift in Sources */,
				71139C15267615D700BD5FFB /* Article.swift in Sources */,
			);
			runOnlyForDeploymentPostprocessing = 0;
		};
/* End PBXSourcesBuildPhase section */

/* Begin PBXVariantGroup section */
		71139BF82675E5AB00BD5FFB /* Main.storyboard */ = {
			isa = PBXVariantGroup;
			children = (
				71139BF92675E5AB00BD5FFB /* Base */,
			);
			name = Main.storyboard;
			sourceTree = "<group>";
		};
		71139BFD2675E5AE00BD5FFB /* LaunchScreen.storyboard */ = {
			isa = PBXVariantGroup;
			children = (
				71139BFE2675E5AE00BD5FFB /* Base */,
			);
			name = LaunchScreen.storyboard;
			sourceTree = "<group>";
		};
/* End PBXVariantGroup section */

/* Begin XCBuildConfiguration section */
		71139C012675E5AE00BD5FFB /* Debug */ = {
			isa = XCBuildConfiguration;
			buildSettings = {
				ALWAYS_SEARCH_USER_PATHS = NO;
				CLANG_ANALYZER_NONNULL = YES;
				CLANG_ANALYZER_NUMBER_OBJECT_CONVERSION = YES_AGGRESSIVE;
				CLANG_CXX_LANGUAGE_STANDARD = "gnu++14";
				CLANG_CXX_LIBRARY = "libc++";
				CLANG_ENABLE_MODULES = YES;
				CLANG_ENABLE_OBJC_ARC = YES;
				CLANG_ENABLE_OBJC_WEAK = YES;
				CLANG_WARN_BLOCK_CAPTURE_AUTORELEASING = YES;
				CLANG_WARN_BOOL_CONVERSION = YES;
				CLANG_WARN_COMMA = YES;
				CLANG_WARN_CONSTANT_CONVERSION = YES;
				CLANG_WARN_DEPRECATED_OBJC_IMPLEMENTATIONS = YES;
				CLANG_WARN_DIRECT_OBJC_ISA_USAGE = YES_ERROR;
				CLANG_WARN_DOCUMENTATION_COMMENTS = YES;
				CLANG_WARN_EMPTY_BODY = YES;
				CLANG_WARN_ENUM_CONVERSION = YES;
				CLANG_WARN_INFINITE_RECURSION = YES;
				CLANG_WARN_INT_CONVERSION = YES;
				CLANG_WARN_NON_LITERAL_NULL_CONVERSION = YES;
				CLANG_WARN_OBJC_IMPLICIT_RETAIN_SELF = YES;
				CLANG_WARN_OBJC_LITERAL_CONVERSION = YES;
				CLANG_WARN_OBJC_ROOT_CLASS = YES_ERROR;
				CLANG_WARN_QUOTED_INCLUDE_IN_FRAMEWORK_HEADER = YES;
				CLANG_WARN_RANGE_LOOP_ANALYSIS = YES;
				CLANG_WARN_STRICT_PROTOTYPES = YES;
				CLANG_WARN_SUSPICIOUS_MOVE = YES;
				CLANG_WARN_UNGUARDED_AVAILABILITY = YES_AGGRESSIVE;
				CLANG_WARN_UNREACHABLE_CODE = YES;
				CLANG_WARN__DUPLICATE_METHOD_MATCH = YES;
				COPY_PHASE_STRIP = NO;
				DEBUG_INFORMATION_FORMAT = dwarf;
				ENABLE_STRICT_OBJC_MSGSEND = YES;
				ENABLE_TESTABILITY = YES;
				GCC_C_LANGUAGE_STANDARD = gnu11;
				GCC_DYNAMIC_NO_PIC = NO;
				GCC_NO_COMMON_BLOCKS = YES;
				GCC_OPTIMIZATION_LEVEL = 0;
				GCC_PREPROCESSOR_DEFINITIONS = (
					"DEBUG=1",
					"$(inherited)",
				);
				GCC_WARN_64_TO_32_BIT_CONVERSION = YES;
				GCC_WARN_ABOUT_RETURN_TYPE = YES_ERROR;
				GCC_WARN_UNDECLARED_SELECTOR = YES;
				GCC_WARN_UNINITIALIZED_AUTOS = YES_AGGRESSIVE;
				GCC_WARN_UNUSED_FUNCTION = YES;
				GCC_WARN_UNUSED_VARIABLE = YES;
				IPHONEOS_DEPLOYMENT_TARGET = 14.3;
				MTL_ENABLE_DEBUG_INFO = INCLUDE_SOURCE;
				MTL_FAST_MATH = YES;
				ONLY_ACTIVE_ARCH = YES;
				SDKROOT = iphoneos;
				SWIFT_ACTIVE_COMPILATION_CONDITIONS = DEBUG;
				SWIFT_OPTIMIZATION_LEVEL = "-Onone";
			};
			name = Debug;
		};
		71139C022675E5AE00BD5FFB /* Release */ = {
			isa = XCBuildConfiguration;
			buildSettings = {
				ALWAYS_SEARCH_USER_PATHS = NO;
				CLANG_ANALYZER_NONNULL = YES;
				CLANG_ANALYZER_NUMBER_OBJECT_CONVERSION = YES_AGGRESSIVE;
				CLANG_CXX_LANGUAGE_STANDARD = "gnu++14";
				CLANG_CXX_LIBRARY = "libc++";
				CLANG_ENABLE_MODULES = YES;
				CLANG_ENABLE_OBJC_ARC = YES;
				CLANG_ENABLE_OBJC_WEAK = YES;
				CLANG_WARN_BLOCK_CAPTURE_AUTORELEASING = YES;
				CLANG_WARN_BOOL_CONVERSION = YES;
				CLANG_WARN_COMMA = YES;
				CLANG_WARN_CONSTANT_CONVERSION = YES;
				CLANG_WARN_DEPRECATED_OBJC_IMPLEMENTATIONS = YES;
				CLANG_WARN_DIRECT_OBJC_ISA_USAGE = YES_ERROR;
				CLANG_WARN_DOCUMENTATION_COMMENTS = YES;
				CLANG_WARN_EMPTY_BODY = YES;
				CLANG_WARN_ENUM_CONVERSION = YES;
				CLANG_WARN_INFINITE_RECURSION = YES;
				CLANG_WARN_INT_CONVERSION = YES;
				CLANG_WARN_NON_LITERAL_NULL_CONVERSION = YES;
				CLANG_WARN_OBJC_IMPLICIT_RETAIN_SELF = YES;
				CLANG_WARN_OBJC_LITERAL_CONVERSION = YES;
				CLANG_WARN_OBJC_ROOT_CLASS = YES_ERROR;
				CLANG_WARN_QUOTED_INCLUDE_IN_FRAMEWORK_HEADER = YES;
				CLANG_WARN_RANGE_LOOP_ANALYSIS = YES;
				CLANG_WARN_STRICT_PROTOTYPES = YES;
				CLANG_WARN_SUSPICIOUS_MOVE = YES;
				CLANG_WARN_UNGUARDED_AVAILABILITY = YES_AGGRESSIVE;
				CLANG_WARN_UNREACHABLE_CODE = YES;
				CLANG_WARN__DUPLICATE_METHOD_MATCH = YES;
				COPY_PHASE_STRIP = NO;
				DEBUG_INFORMATION_FORMAT = "dwarf-with-dsym";
				ENABLE_NS_ASSERTIONS = NO;
				ENABLE_STRICT_OBJC_MSGSEND = YES;
				GCC_C_LANGUAGE_STANDARD = gnu11;
				GCC_NO_COMMON_BLOCKS = YES;
				GCC_WARN_64_TO_32_BIT_CONVERSION = YES;
				GCC_WARN_ABOUT_RETURN_TYPE = YES_ERROR;
				GCC_WARN_UNDECLARED_SELECTOR = YES;
				GCC_WARN_UNINITIALIZED_AUTOS = YES_AGGRESSIVE;
				GCC_WARN_UNUSED_FUNCTION = YES;
				GCC_WARN_UNUSED_VARIABLE = YES;
				IPHONEOS_DEPLOYMENT_TARGET = 14.3;
				MTL_ENABLE_DEBUG_INFO = NO;
				MTL_FAST_MATH = YES;
				SDKROOT = iphoneos;
				SWIFT_COMPILATION_MODE = wholemodule;
				SWIFT_OPTIMIZATION_LEVEL = "-O";
				VALIDATE_PRODUCT = YES;
			};
			name = Release;
		};
		71139C042675E5AE00BD5FFB /* Debug */ = {
			isa = XCBuildConfiguration;
			buildSettings = {
				ASSETCATALOG_COMPILER_APPICON_NAME = AppIcon;
				ASSETCATALOG_COMPILER_GLOBAL_ACCENT_COLOR_NAME = AccentColor;
				CODE_SIGN_STYLE = Automatic;
				DEVELOPMENT_TEAM = AMNN4SX6JU;
				INFOPLIST_FILE = GoodNews/Info.plist;
				LD_RUNPATH_SEARCH_PATHS = (
					"$(inherited)",
					"@executable_path/Frameworks",
				);
				PRODUCT_BUNDLE_IDENTIFIER = com.mh.GoodNews;
				PRODUCT_NAME = "$(TARGET_NAME)";
				SWIFT_VERSION = 5.0;
				TARGETED_DEVICE_FAMILY = "1,2";
			};
			name = Debug;
		};
		71139C052675E5AE00BD5FFB /* Release */ = {
			isa = XCBuildConfiguration;
			buildSettings = {
				ASSETCATALOG_COMPILER_APPICON_NAME = AppIcon;
				ASSETCATALOG_COMPILER_GLOBAL_ACCENT_COLOR_NAME = AccentColor;
				CODE_SIGN_STYLE = Automatic;
				DEVELOPMENT_TEAM = AMNN4SX6JU;
				INFOPLIST_FILE = GoodNews/Info.plist;
				LD_RUNPATH_SEARCH_PATHS = (
					"$(inherited)",
					"@executable_path/Frameworks",
				);
				PRODUCT_BUNDLE_IDENTIFIER = com.mh.GoodNews;
				PRODUCT_NAME = "$(TARGET_NAME)";
				SWIFT_VERSION = 5.0;
				TARGETED_DEVICE_FAMILY = "1,2";
			};
			name = Release;
		};
/* End XCBuildConfiguration section */

/* Begin XCConfigurationList section */
		71139BEA2675E5AB00BD5FFB /* Build configuration list for PBXProject "GoodNews" */ = {
			isa = XCConfigurationList;
			buildConfigurations = (
				71139C012675E5AE00BD5FFB /* Debug */,
				71139C022675E5AE00BD5FFB /* Release */,
			);
			defaultConfigurationIsVisible = 0;
			defaultConfigurationName = Release;
		};
		71139C032675E5AE00BD5FFB /* Build configuration list for PBXNativeTarget "GoodNews" */ = {
			isa = XCConfigurationList;
			buildConfigurations = (
				71139C042675E5AE00BD5FFB /* Debug */,
				71139C052675E5AE00BD5FFB /* Release */,
			);
			defaultConfigurationIsVisible = 0;
			defaultConfigurationName = Release;
		};
/* End XCConfigurationList section */
	};
	rootObject = 71139BE72675E5AB00BD5FFB /* Project object */;
}
